
Microsoft Visual Studio Solution File, Format Version 12.00
# Visual Studio Version 16
VisualStudioVersion = 16.0.30204.135
MinimumVisualStudioVersion = 10.0.40219.1
Project("{FAE04EC0-301F-11D3-BF4B-00C04F79EFBC}") = "Test Repository Pattern Db First", "Test Repository Pattern Db First\Test Repository Pattern Db First.csproj", "{22E5ACBA-AA4E-41E6-95C9-36FC827AFAB6}"
EndProject
Global
	GlobalSection(SolutionConfigurationPlatforms) = preSolution
		Debug|Any CPU = Debug|Any CPU
		Release|Any CPU = Release|Any CPU
	EndGlobalSection
	GlobalSection(ProjectConfigurationPlatforms) = postSolution
		{22E5ACBA-AA4E-41E6-95C9-36FC827AFAB6}.Debug|Any CPU.ActiveCfg = Debug|Any CPU
		{22E5ACBA-AA4E-41E6-95C9-36FC827AFAB6}.Debug|Any CPU.Build.0 = Debug|Any CPU
		{22E5ACBA-AA4E-41E6-95C9-36FC827AFAB6}.Release|Any CPU.ActiveCfg = Release|Any CPU
		{22E5ACBA-AA4E-41E6-95C9-36FC827AFAB6}.Release|Any CPU.Build.0 = Release|Any CPU
	EndGlobalSection
	GlobalSection(SolutionProperties) = preSolution
		HideSolutionNode = FALSE
	EndGlobalSection
	GlobalSection(ExtensibilityGlobals) = postSolution
		SolutionGuid = {E3619425-DEFA-43D1-BAFA-F31AB9216BF2}
	EndGlobalSection
EndGlobal
